Microsoft Visual Studio Solution File, Format Version 12.00
# Visual Studio Version 17
VisualStudioVersion = 17.5.2.0
MinimumVisualStudioVersion = 10.0.40219.1
Project("{FAE04EC0-301F-11D3-BF4B-00C04F79EFBC}") = "Potager-Marot-Pelichet", "Potager-Marot-Pelichet.csproj", "{60F3F627-874E-2D34-0B38-C8C876DF60A9}"
EndProject
Global
	GlobalSection(SolutionConfigurationPlatforms) = preSolution
		Debug|Any CPU = Debug|Any CPU
		Release|Any CPU = Release|Any CPU
	EndGlobalSection
	GlobalSection(ProjectConfigurationPlatforms) = postSolution
		{60F3F627-874E-2D34-0B38-C8C876DF60A9}.Debug|Any CPU.ActiveCfg = Debug|Any CPU
		{60F3F627-874E-2D34-0B38-C8C876DF60A9}.Debug|Any CPU.Build.0 = Debug|Any CPU
		{60F3F627-874E-2D34-0B38-C8C876DF60A9}.Release|Any CPU.ActiveCfg = Release|Any CPU
		{60F3F627-874E-2D34-0B38-C8C876DF60A9}.Release|Any CPU.Build.0 = Release|Any CPU
	EndGlobalSection
	GlobalSection(SolutionProperties) = preSolution
		HideSolutionNode = FALSE
	EndGlobalSection
	GlobalSection(ExtensibilityGlobals) = postSolution
		SolutionGuid = {DA58B9A5-5E49-4A05-A46E-69739DC56D8C}
	EndGlobalSection
EndGlobal
